
Microsoft Visual Studio Solution File, Format Version 12.00
# Visual Studio Version 16
VisualStudioVersion = 16.0.30717.126
MinimumVisualStudioVersion = 10.0.40219.1
Project("{FAE04EC0-301F-11D3-BF4B-00C04F79EFBC}") = "RH_Breakout", "RH_Breakout.csproj", "{79B5875A-3866-4B89-BE6D-0AAFC41B30FF}"
EndProject
Global
	GlobalSection(SolutionConfigurationPlatforms) = preSolution
		Debug|Any CPU = Debug|Any CPU
		Release|Any CPU = Release|Any CPU
	EndGlobalSection
	GlobalSection(ProjectConfigurationPlatforms) = postSolution
		{79B5875A-3866-4B89-BE6D-0AAFC41B30FF}.Debug|Any CPU.ActiveCfg = Debug|Any CPU
		{79B5875A-3866-4B89-BE6D-0AAFC41B30FF}.Debug|Any CPU.Build.0 = Debug|Any CPU
		{79B5875A-3866-4B89-BE6D-0AAFC41B30FF}.Release|Any CPU.ActiveCfg = Release|Any CPU
		{79B5875A-3866-4B89-BE6D-0AAFC41B30FF}.Release|Any CPU.Build.0 = Release|Any CPU
	EndGlobalSection
	GlobalSection(SolutionProperties) = preSolution
		HideSolutionNode = FALSE
	EndGlobalSection
	GlobalSection(ExtensibilityGlobals) = postSolution
		SolutionGuid = {02C044EE-15BF-4200-A56D-2157D6E10D2B}
	EndGlobalSection
EndGlobal
